
Microsoft Visual Studio Solution File, Format Version 12.00
# Visual Studio Version 17
VisualStudioVersion = 17.8.34408.163
MinimumVisualStudioVersion = 10.0.40219.1
Project("{9A19103F-16F7-4668-BE54-9A1E7A4F7556}") = "GameOfGoose.Template", "GameOfGoose.Template\GameOfGoose.Template.csproj", "{BB82E501-E096-4D7D-B9C5-A000321C0C73}"
EndProject
Project("{9A19103F-16F7-4668-BE54-9A1E7A4F7556}") = "GameOfGoose.Template.Business", "GameOfGoose.Template.Business\GameOfGoose.Template.Business.csproj", "{D1282C6A-A5D2-46E0-96AC-34FD5E3E5751}"
EndProject
Project("{9A19103F-16F7-4668-BE54-9A1E7A4F7556}") = "GameOfGoose.Template.Business.Tests", "GameOfGoose.Template.Business.Tests\GameOfGoose.Template.Business.Tests.csproj", "{9FA8602A-2428-4C15-8272-4154DAF75F12}"
EndProject
Global
	GlobalSection(SolutionConfigurationPlatforms) = preSolution
		Debug|Any CPU = Debug|Any CPU
		Release|Any CPU = Release|Any CPU
	EndGlobalSection
	GlobalSection(ProjectConfigurationPlatforms) = postSolution
		{BB82E501-E096-4D7D-B9C5-A000321C0C73}.Debug|Any CPU.ActiveCfg = Debug|Any CPU
		{BB82E501-E096-4D7D-B9C5-A000321C0C73}.Debug|Any CPU.Build.0 = Debug|Any CPU
		{BB82E501-E096-4D7D-B9C5-A000321C0C73}.Release|Any CPU.ActiveCfg = Release|Any CPU
		{BB82E501-E096-4D7D-B9C5-A000321C0C73}.Release|Any CPU.Build.0 = Release|Any CPU
		{D1282C6A-A5D2-46E0-96AC-34FD5E3E5751}.Debug|Any CPU.ActiveCfg = Debug|Any CPU
		{D1282C6A-A5D2-46E0-96AC-34FD5E3E5751}.Debug|Any CPU.Build.0 = Debug|Any CPU
		{D1282C6A-A5D2-46E0-96AC-34FD5E3E5751}.Release|Any CPU.ActiveCfg = Release|Any CPU
		{D1282C6A-A5D2-46E0-96AC-34FD5E3E5751}.Release|Any CPU.Build.0 = Release|Any CPU
		{9FA8602A-2428-4C15-8272-4154DAF75F12}.Debug|Any CPU.ActiveCfg = Debug|Any CPU
		{9FA8602A-2428-4C15-8272-4154DAF75F12}.Debug|Any CPU.Build.0 = Debug|Any CPU
		{9FA8602A-2428-4C15-8272-4154DAF75F12}.Release|Any CPU.ActiveCfg = Release|Any CPU
		{9FA8602A-2428-4C15-8272-4154DAF75F12}.Release|Any CPU.Build.0 = Release|Any CPU
	EndGlobalSection
	GlobalSection(SolutionProperties) = preSolution
		HideSolutionNode = FALSE
	EndGlobalSection
	GlobalSection(ExtensibilityGlobals) = postSolution
		SolutionGuid = {8A0BC1AC-8541-4137-BC5A-62BE3F0028E7}
	EndGlobalSection
EndGlobal
